
Microsoft Visual Studio Solution File, Format Version 10.00
# Visual Studio 2008
Project("{FAE04EC0-301F-11D3-BF4B-00C04F79EFBC}") = "ConsoleApplication1", "ConsoleApplication1\ConsoleApplication1.csproj", "{FB05EB42-1607-4E11-A1FB-EDCD4D65DB86}"
EndProject
Global
	GlobalSection(SolutionConfigurationPlatforms) = preSolution
		Debug|Any CPU = Debug|Any CPU
		Release|Any CPU = Release|Any CPU
	EndGlobalSection
	GlobalSection(ProjectConfigurationPlatforms) = postSolution
		{FB05EB42-1607-4E11-A1FB-EDCD4D65DB86}.Debug|Any CPU.ActiveCfg = Debug|Any CPU
		{FB05EB42-1607-4E11-A1FB-EDCD4D65DB86}.Debug|Any CPU.Build.0 = Debug|Any CPU
		{FB05EB42-1607-4E11-A1FB-EDCD4D65DB86}.Release|Any CPU.ActiveCfg = Release|Any CPU
		{FB05EB42-1607-4E11-A1FB-EDCD4D65DB86}.Release|Any CPU.Build.0 = Release|Any CPU
	EndGlobalSection
	GlobalSection(SolutionProperties) = preSolution
		HideSolutionNode = FALSE
	EndGlobalSection
EndGlobal
